github.com/thomas-bouvier/gohugo-theme-otomo v0.0.0-20211129145053-e5ee8079e21e h1:9qzwfvaYX8XoCHrqgMm5PjT1Zw9u3xPhI4sDt4bI1/Y=
github.com/thomas-bouvier/gohugo-theme-otomo v0.0.0-20211129145053-e5ee8079e21e/go.mod h1:FiGSvLxp4qVFm+4BtkataTFXi5IEC7r5C/MWom1xErI=
github.com/thomas-bouvier/gohugo-theme-otomo v0.0.0-20211217230956-7030a512de7f h1:RfFSBXkp1IOMmqj8/xsDPdHBvZcMVPMqPyujzKTCI4g=
github.com/thomas-bouvier/gohugo-theme-otomo v0.0.0-20211217230956-7030a512de7f/go.mod h1:hXyqgfsIBltMAcqZERJnNa5EShNFK3EoipvVqpPEPm4=
github.com/thomas-bouvier/gohugo-theme-otomo v0.0.0-20220102190849-53249bfe5893 h1:1GzXY1lfiZ/jArP4TDD+39zYK9zuh6NRHDas1UhQqfk=
github.com/thomas-bouvier/gohugo-theme-otomo v0.0.0-20220102190849-53249bfe5893/go.mod h1:hXyqgfsIBltMAcqZERJnNa5EShNFK3EoipvVqpPEPm4=
github.com/thomas-bouvier/gohugo-theme-otomo v0.0.0-20220225172827-350b68cdc182 h1:o2UVFH953M/EHbq5U2EV5+BTPB51yXfc/JVTOQPE/as=
github.com/thomas-bouvier/gohugo-theme-otomo v0.0.0-20220225172827-350b68cdc182/go.mod h1:hXyqgfsIBltMAcqZERJnNa5EShNFK3EoipvVqpPEPm4=
